
Microsoft Visual Studio Solution File, Format Version 12.00
Project("{FAE04EC0-301F-11D3-BF4B-00C04F79EFBC}") = "ModlistQuickstart", "Source\ModlistQuickstart.csproj", "{67546C43-481A-4387-802D-75A95ADEC218}"
EndProject
Global
	GlobalSection(SolutionConfigurationPlatforms) = preSolution
		Debug|Any CPU = Debug|Any CPU
		Release|Any CPU = Release|Any CPU
	EndGlobalSection
	GlobalSection(ProjectConfigurationPlatforms) = postSolution
		{67546C43-481A-4387-802D-75A95ADEC218}.Debug|Any CPU.ActiveCfg = Debug|Any CPU
		{67546C43-481A-4387-802D-75A95ADEC218}.Debug|Any CPU.Build.0 = Debug|Any CPU
		{67546C43-481A-4387-802D-75A95ADEC218}.Release|Any CPU.ActiveCfg = Release|Any CPU
		{67546C43-481A-4387-802D-75A95ADEC218}.Release|Any CPU.Build.0 = Release|Any CPU
	EndGlobalSection
EndGlobal
